<?xml version="1.0" encoding="utf-8"?>
<Project ToolsVersion="4.0" xmlns="http://schemas.microsoft.com/developer/msbuild/2003">
  <ItemGroup>
    <Filter Include="VisualGDB settings">
      <UniqueIdentifier>{456d84ea-f49f-4e2d-8460-1af9ef0cfd1a}</UniqueIdentifier>
    </Filter>
    <Filter Include="Chibios">
      <UniqueIdentifier>{bc82b670-66c9-4f3c-93c4-e4ffbe68dea6}</UniqueIdentifier>
    </Filter>
    <Filter Include="nf-interpreter">
      <UniqueIdentifier>{d402c8af-349e-4946-a11a-a46dceb2a46d}</UniqueIdentifier>
    </Filter>
    <Filter Include="Chibios\os">
      <UniqueIdentifier>{3fba4995-2d74-493e-8f57-a430561bc812}</UniqueIdentifier>
    </Filter>
    <Filter Include="Chibios\os\common">
      <UniqueIdentifier>{33c4308b-b754-4fd8-99ae-ccd10c56c386}</UniqueIdentifier>
    </Filter>
    <Filter Include="Chibios\os\common\abstractions">
      <UniqueIdentifier>{ca1b44b2-bfb1-419a-bd50-2a2b2c83f6ea}</UniqueIdentifier>
    </Filter>
    <Filter Include="Chibios\os\common\abstractions\cmsis_os">
      <UniqueIdentifier>{268191fb-2ac8-4a83-b5e0-571e03c8e88c}</UniqueIdentifier>
    </Filter>
    <Filter Include="Chibios\os\common\ports">
      <UniqueIdentifier>{23fa229a-bd49-4f00-bf19-86937b2702fd}</UniqueIdentifier>
    </Filter>
    <Filter Include="Chibios\os\common\ports\ARMCMx">
      <UniqueIdentifier>{6150d569-6300-4107-b1c3-a87b1886c1b5}</UniqueIdentifier>
    </Filter>
    <Filter Include="Chibios\os\common\ports\ARMCMx\compilers">
      <UniqueIdentifier>{80e86adc-e69c-4f09-b958-e33e7626902a}</UniqueIdentifier>
    </Filter>
    <Filter Include="Chibios\os\common\ports\ARMCMx\compilers\GCC">
      <UniqueIdentifier>{a389d105-c33b-44b0-9507-ebbd26ea10d3}</UniqueIdentifier>
    </Filter>
    <Filter Include="Chibios\os\common\startup">
      <UniqueIdentifier>{e00102c1-50e6-4f5f-b881-5e54cc725f02}</UniqueIdentifier>
    </Filter>
    <Filter Include="Chibios\os\common\startup\ARMCMx">
      <UniqueIdentifier>{8ef4676f-b780-4d58-93c4-7f4a3cb5f984}</UniqueIdentifier>
    </Filter>
    <Filter Include="Chibios\os\common\startup\ARMCMx\compilers">
      <UniqueIdentifier>{6d9a5bc8-7447-4d85-a705-77277089e0ca}</UniqueIdentifier>
    </Filter>
    <Filter Include="Chibios\os\common\startup\ARMCMx\compilers\GCC">
      <UniqueIdentifier>{8ae34907-ef66-450f-a5e5-6d86229d5025}</UniqueIdentifier>
    </Filter>
    <Filter Include="Chibios\os\hal">
      <UniqueIdentifier>{70d54551-0f2c-4885-90e2-a4bdd988587a}</UniqueIdentifier>
    </Filter>
    <Filter Include="Chibios\os\hal\include">
      <UniqueIdentifier>{cd75913f-2c61-412d-a248-f1409e67148b}</UniqueIdentifier>
    </Filter>
    <Filter Include="Chibios\os\hal\ports">
      <UniqueIdentifier>{fec11947-0f23-4695-989f-528d36938a3b}</UniqueIdentifier>
    </Filter>
    <Filter Include="Chibios\os\hal\ports\common">
      <UniqueIdentifier>{5f699ee4-ab84-4bb8-986b-33099fde6d26}</UniqueIdentifier>
    </Filter>
    <Filter Include="Chibios\os\hal\ports\common\ARMCMx">
      <UniqueIdentifier>{d318b5b2-7d52-4d72-9cb7-fee57a0a554c}</UniqueIdentifier>
    </Filter>
    <Filter Include="Chibios\os\hal\ports\STM32">
      <UniqueIdentifier>{d7da7921-0bdc-4f92-9dae-1905f566dd02}</UniqueIdentifier>
    </Filter>
    <Filter Include="Chibios\os\hal\ports\STM32\LLD">
      <UniqueIdentifier>{5ebdc1e0-9210-414e-8292-0a5418fe686e}</UniqueIdentifier>
    </Filter>
    <Filter Include="Chibios\os\hal\ports\STM32\LLD\DMAv1">
      <UniqueIdentifier>{5c8690ed-d7ea-43eb-b05d-5379c847ac16}</UniqueIdentifier>
    </Filter>
    <Filter Include="Chibios\os\hal\ports\STM32\LLD\GPIOv2">
      <UniqueIdentifier>{ca488bb8-8eb3-4f4c-9dd9-1eea66edb9ee}</UniqueIdentifier>
    </Filter>
    <Filter Include="Chibios\os\hal\ports\STM32\LLD\RTCv2">
      <UniqueIdentifier>{fd266278-aca6-48bd-be90-0a0cd54b7c26}</UniqueIdentifier>
    </Filter>
    <Filter Include="Chibios\os\hal\ports\STM32\LLD\TIMv1">
      <UniqueIdentifier>{62650219-3f48-41a3-901e-1078dc351d67}</UniqueIdentifier>
    </Filter>
    <Filter Include="Chibios\os\hal\ports\STM32\STM32F0xx">
      <UniqueIdentifier>{26941f52-9754-4d08-92b1-dab5e48c210d}</UniqueIdentifier>
    </Filter>
    <Filter Include="Chibios\os\hal\src">
      <UniqueIdentifier>{fdf6ee51-4865-46e3-89bc-d7ecefd9f7a9}</UniqueIdentifier>
    </Filter>
    <Filter Include="Chibios\os\hal\osal">
      <UniqueIdentifier>{35c07e1e-21c8-41f1-bdd2-a1747b1c136c}</UniqueIdentifier>
    </Filter>
    <Filter Include="Chibios\os\license">
      <UniqueIdentifier>{e8921c82-590d-4bc0-8644-92866f818c6c}</UniqueIdentifier>
    </Filter>
    <Filter Include="Chibios\os\rt">
      <UniqueIdentifier>{6fece727-8080-48d1-8065-c01864328f5c}</UniqueIdentifier>
    </Filter>
    <Filter Include="Chibios\os\rt\include">
      <UniqueIdentifier>{31297bc1-0300-4321-9fb5-b3a98f4bf00d}</UniqueIdentifier>
    </Filter>
    <Filter Include="Chibios\os\rt\src">
      <UniqueIdentifier>{d10779a1-efda-4352-a934-9a9c9f4c3956}</UniqueIdentifier>
    </Filter>
    <Filter Include="Chibios\os\rt\various">
      <UniqueIdentifier>{af4aa592-8e00-48a2-9184-a2df0caaf334}</UniqueIdentifier>
    </Filter>
    <Filter Include="Chibios\os\oslib">
      <UniqueIdentifier>{cc7e8368-1ff6-4b08-82a4-b55c71a227e9}</UniqueIdentifier>
    </Filter>
    <Filter Include="Chibios\os\oslib\include">
      <UniqueIdentifier>{35e7f07b-5a6d-48fc-84bf-a9e09b39d286}</UniqueIdentifier>
    </Filter>
    <Filter Include="Chibios\os\oslib\src">
      <UniqueIdentifier>{623fbbc6-2a01-4a56-a5a5-a9243278179e}</UniqueIdentifier>
    </Filter>
    <Filter Include="nf-interpreter\src">
      <UniqueIdentifier>{6f3bb772-506d-4cbe-8b8f-79069ddfea89}</UniqueIdentifier>
    </Filter>
    <Filter Include="nf-interpreter\src\CLR">
      <UniqueIdentifier>{11c6a503-8b0f-4526-aadc-ee1b44d03653}</UniqueIdentifier>
    </Filter>
    <Filter Include="nf-interpreter\src\CLR\Core">
      <UniqueIdentifier>{b22b4bcc-be96-46b5-acb5-af64d58080bc}</UniqueIdentifier>
    </Filter>
    <Filter Include="nf-interpreter\src\CLR\WireProtocol">
      <UniqueIdentifier>{2f04833e-b15d-4c2a-b5b8-140d7474f6b8}</UniqueIdentifier>
    </Filter>
    <Filter Include="nf-interpreter\src\PAL">
      <UniqueIdentifier>{621cf064-0d2f-4d4f-bb3b-27eaf335b2bf}</UniqueIdentifier>
    </Filter>
    <Filter Include="nf-interpreter\src\PAL\BlockStorage">
      <UniqueIdentifier>{baf297c9-4e7d-41b2-bc44-38269388141c}</UniqueIdentifier>
    </Filter>
    <Filter Include="nf-interpreter\src\PAL\Include">
      <UniqueIdentifier>{c3826c11-5281-4703-833d-2a8eaf8056a6}</UniqueIdentifier>
    </Filter>
    <Filter Include="nf-interpreter\targets">
      <UniqueIdentifier>{63b545bf-bdb3-49d5-a903-8030f2b159a8}</UniqueIdentifier>
    </Filter>
    <Filter Include="nf-interpreter\targets\CMSIS-OS">
      <UniqueIdentifier>{db6ba159-94e9-4032-9f2d-6a4e72bd39f1}</UniqueIdentifier>
    </Filter>
    <Filter Include="nf-interpreter\targets\CMSIS-OS\ChibiOS">
      <UniqueIdentifier>{c21e7c68-1b38-4026-906a-dcf29f98aa4c}</UniqueIdentifier>
    </Filter>
    <Filter Include="nf-interpreter\targets\CMSIS-OS\ChibiOS\common">
      <UniqueIdentifier>{17976692-663d-458a-bbb2-c3941dae97ea}</UniqueIdentifier>
    </Filter>
    <Filter Include="nf-interpreter\targets\CMSIS-OS\ChibiOS\Include">
      <UniqueIdentifier>{9ddbe3f2-e936-4612-a90d-558a74fed4e2}</UniqueIdentifier>
    </Filter>
    <Filter Include="nf-interpreter\targets\CMSIS-OS\ChibiOS\nanoBooter">
      <UniqueIdentifier>{7ec02177-ae51-4bd1-9478-f9a720798720}</UniqueIdentifier>
    </Filter>
    <Filter Include="nf-interpreter\targets\CMSIS-OS\ChibiOS\ST_NUCLEO64_F091RC">
      <UniqueIdentifier>{51cddb52-b2be-4dfe-9da0-14ec23bed7cd}</UniqueIdentifier>
    </Filter>
    <Filter Include="nf-interpreter\targets\CMSIS-OS\ChibiOS\ST_NUCLEO64_F091RC\common">
      <UniqueIdentifier>{605d56e4-3865-465b-b7dd-0691e9a17215}</UniqueIdentifier>
    </Filter>
    <Filter Include="nf-interpreter\targets\CMSIS-OS\ChibiOS\ST_NUCLEO64_F091RC\nanoBooter">
      <UniqueIdentifier>{56e1faec-7b67-4d6d-8c64-ae9d27f46600}</UniqueIdentifier>
    </Filter>
    <Filter Include="nf-interpreter\targets\CMSIS-OS\common">
      <UniqueIdentifier>{62ce32a5-a6ee-410c-886a-fe16f68e668c}</UniqueIdentifier>
    </Filter>
    <Filter Include="nf-interpreter\targets\CMSIS-OS\common\Include">
      <UniqueIdentifier>{9fab81ea-7b5e-4280-ba35-c1040216b1ec}</UniqueIdentifier>
    </Filter>
    <Filter Include="Chibios\os\common\startup\ARMCMx\devices">
      <UniqueIdentifier>{7e26c395-0044-4427-90d7-ca4aa3c56d05}</UniqueIdentifier>
    </Filter>
    <Filter Include="Chibios\os\common\startup\ARMCMx\devices\STM32F0xx">
      <UniqueIdentifier>{ed163287-b8f5-4fe9-ba38-63abec7472f1}</UniqueIdentifier>
    </Filter>
    <Filter Include="Configuration">
      <UniqueIdentifier>{c86876a4-7305-44d4-b07a-d59f2e9dea86}</UniqueIdentifier>
    </Filter>
    <Filter Include="nf-interpreter\targets\CMSIS-OS\ChibiOS\nf-overlay">
      <UniqueIdentifier>{36618a29-fa44-499e-aa95-d950313b06fc}</UniqueIdentifier>
    </Filter>
    <Filter Include="nf-interpreter\targets\CMSIS-OS\ChibiOS\nf-overlay\os">
      <UniqueIdentifier>{38311dc4-9c5f-4a38-a1b9-9d26b57294bb}</UniqueIdentifier>
    </Filter>
    <Filter Include="nf-interpreter\targets\CMSIS-OS\ChibiOS\nf-overlay\os\hal">
      <UniqueIdentifier>{76e4b90f-d83f-4ea2-9709-b7f0c89b485d}</UniqueIdentifier>
    </Filter>
    <Filter Include="nf-interpreter\targets\CMSIS-OS\ChibiOS\nf-overlay\os\hal\ports">
      <UniqueIdentifier>{6ff250c0-ce44-4ae9-8f9b-a1a7cc7229ad}</UniqueIdentifier>
    </Filter>
    <Filter Include="nf-interpreter\targets\CMSIS-OS\ChibiOS\nf-overlay\os\hal\ports\STM32">
      <UniqueIdentifier>{38d7ffc3-6bc2-405f-946d-8b8f512909c6}</UniqueIdentifier>
    </Filter>
    <Filter Include="nf-interpreter\targets\CMSIS-OS\ChibiOS\nf-overlay\os\hal\ports\STM32\LLD">
      <UniqueIdentifier>{b34e416a-ae61-4b59-b353-1d6e899a0887}</UniqueIdentifier>
    </Filter>
    <Filter Include="nf-interpreter\targets\CMSIS-OS\ChibiOS\nf-overlay\os\hal\ports\STM32\LLD\CRCv1">
      <UniqueIdentifier>{74f8ba75-72e9-41f7-b1a6-7c949cd96801}</UniqueIdentifier>
    </Filter>
    <Filter Include="nf-interpreter\targets\CMSIS-OS\ChibiOS\nf-overlay\os\hal\ports\STM32\LLD\FLASHV1">
      <UniqueIdentifier>{aaeb40b6-ccaa-4808-b840-21cad0c789b1}</UniqueIdentifier>
    </Filter>
    <Filter Include="nf-interpreter\targets\CMSIS-OS\ChibiOS\nf-overlay\os\hal\src">
      <UniqueIdentifier>{fbdf2903-a578-4637-95f7-6c9a94db3192}</UniqueIdentifier>
    </Filter>
    <Filter Include="nf-interpreter\targets\CMSIS-OS\ChibiOS\nf-overlay\os\hal\src\stm32_crc">
      <UniqueIdentifier>{bba8a0b3-3f48-4b0e-b86e-09e0bfc6b1eb}</UniqueIdentifier>
    </Filter>
    <Filter Include="nf-interpreter\src\HAL">
      <UniqueIdentifier>{23edcef4-c7a9-4c87-a7b9-a16ac7f124b6}</UniqueIdentifier>
    </Filter>
    <Filter Include="nf-interpreter\src\HAL\Include">
      <UniqueIdentifier>{390eccec-665d-4b08-8a86-6e95e2b530c0}</UniqueIdentifier>
    </Filter>
    <Filter Include="nf-interpreter\targets\CMSIS-OS\ChibiOS\nf-overlay\os\hal\src\stm32_flash">
      <UniqueIdentifier>{32d2e536-73e5-4963-b2e3-60122069367e}</UniqueIdentifier>
    </Filter>
    <Filter Include="nf-interpreter\targets\CMSIS-OS\ChibiOS\nf-overlay\os\hal\include">
      <UniqueIdentifier>{16dcfb5a-b64f-4090-981b-1dd4273459ec}</UniqueIdentifier>
    </Filter>
    <Filter Include="nf-interpreter\targets\CMSIS-OS\ChibiOS\nf-overlay\os\hal\include\stm32_crc">
      <UniqueIdentifier>{81ab240b-3710-46b6-b7bb-55fea21492a8}</UniqueIdentifier>
    </Filter>
    <Filter Include="nf-interpreter\targets\CMSIS-OS\ChibiOS\nf-overlay\os\hal\include\stm32_qspi">
      <UniqueIdentifier>{23ed64d2-fcb3-4b1e-abfa-4ef990da1d6e}</UniqueIdentifier>
    </Filter>
    <Filter Include="nf-interpreter\targets\CMSIS-OS\ChibiOS\nf-overlay\os\hal\include\stm32_rng">
      <UniqueIdentifier>{f75830b3-9dcc-4c9f-83f4-f9df68562d2d}</UniqueIdentifier>
    </Filter>
    <Filter Include="Chibios\os\hal\ports\STM32\LLD\USARTv2">
      <UniqueIdentifier>{2d9fe6ac-85c5-4fdb-8b13-c04a229c2f60}</UniqueIdentifier>
    </Filter>
    <Filter Include="Chibios\os\hal\osal\rt-nil">
      <UniqueIdentifier>{8ebdfd0b-3b0b-4af7-b06b-92ab4f17de13}</UniqueIdentifier>
    </Filter>
    <Filter Include="BuildItems">
      <UniqueIdentifier>{c4f7ffe2-7768-497a-888a-1f808d7d248d}</UniqueIdentifier>
    </Filter>
  </ItemGroup>
  <ItemGroup>
    <None Include="ST_NUCLEO64_F091RC-nanoBooter-Debug.vgdbsettings">
      <Filter>VisualGDB settings</Filter>
    </None>
    <None Include="ST_NUCLEO64_F091RC-nanoBooter-Release.vgdbsettings">
      <Filter>VisualGDB settings</Filter>
    </None>
    <None Include="stm32.xml">
      <Filter>VisualGDB settings</Filter>
    </None>
    <ClCompile Include="..\ExternalRepositories\ChibiOS\os\common\startup\ARMCMx\compilers\GCC\crt1.c">
      <Filter>Chibios\os\common\startup\ARMCMx\compilers\GCC</Filter>
    </ClCompile>
    <ClCompile Include="..\ExternalRepositories\ChibiOS\os\hal\ports\common\ARMCMx\nvic.c">
      <Filter>Chibios\os\hal\ports\common\ARMCMx</Filter>
    </ClCompile>
    <ClCompile Include="..\ExternalRepositories\ChibiOS\os\hal\ports\STM32\LLD\DMAv1\stm32_dma.c">
      <Filter>Chibios\os\hal\ports\STM32\LLD\DMAv1</Filter>
    </ClCompile>
    <ClCompile Include="..\ExternalRepositories\ChibiOS\os\hal\ports\STM32\LLD\GPIOv2\hal_pal_lld.c">
      <Filter>Chibios\os\hal\ports\STM32\LLD\GPIOv2</Filter>
    </ClCompile>
    <ClCompile Include="..\ExternalRepositories\ChibiOS\os\hal\ports\STM32\LLD\RTCv2\hal_rtc_lld.c">
      <Filter>Chibios\os\hal\ports\STM32\LLD\RTCv2</Filter>
    </ClCompile>
    <ClCompile Include="..\ExternalRepositories\ChibiOS\os\hal\ports\STM32\LLD\TIMv1\hal_gpt_lld.c">
      <Filter>Chibios\os\hal\ports\STM32\LLD\TIMv1</Filter>
    </ClCompile>
    <ClCompile Include="..\ExternalRepositories\ChibiOS\os\hal\ports\STM32\LLD\TIMv1\hal_icu_lld.c">
      <Filter>Chibios\os\hal\ports\STM32\LLD\TIMv1</Filter>
    </ClCompile>
    <ClCompile Include="..\ExternalRepositories\ChibiOS\os\hal\ports\STM32\LLD\TIMv1\hal_pwm_lld.c">
      <Filter>Chibios\os\hal\ports\STM32\LLD\TIMv1</Filter>
    </ClCompile>
    <ClCompile Include="..\ExternalRepositories\ChibiOS\os\hal\ports\STM32\LLD\TIMv1\hal_st_lld.c">
      <Filter>Chibios\os\hal\ports\STM32\LLD\TIMv1</Filter>
    </ClCompile>
    <ClCompile Include="..\ExternalRepositories\ChibiOS\os\hal\ports\STM32\STM32F0xx\hal_lld.c">
      <Filter>Chibios\os\hal\ports\STM32\STM32F0xx</Filter>
    </ClCompile>
    <ClCompile Include="..\ExternalRepositories\ChibiOS\os\hal\ports\STM32\STM32F0xx\stm32_isr.c">
      <Filter>Chibios\os\hal\ports\STM32\STM32F0xx</Filter>
    </ClCompile>
    <ClCompile Include="..\ExternalRepositories\ChibiOS\os\hal\src\hal_gpt.c">
      <Filter>Chibios\os\hal\src</Filter>
    </ClCompile>
    <ClCompile Include="..\ExternalRepositories\ChibiOS\os\hal\src\hal_icu.c">
      <Filter>Chibios\os\hal\src</Filter>
    </ClCompile>
    <ClCompile Include="..\ExternalRepositories\ChibiOS\os\hal\src\hal_mac.c">
      <Filter>Chibios\os\hal\src</Filter>
    </ClCompile>
    <ClCompile Include="..\ExternalRepositories\ChibiOS\os\hal\src\hal_pal.c">
      <Filter>Chibios\os\hal\src</Filter>
    </ClCompile>
    <ClCompile Include="..\ExternalRepositories\ChibiOS\os\hal\src\hal_queues.c">
      <Filter>Chibios\os\hal\src</Filter>
    </ClCompile>
    <ClCompile Include="..\ExternalRepositories\ChibiOS\os\hal\src\hal_rtc.c">
      <Filter>Chibios\os\hal\src</Filter>
    </ClCompile>
    <ClCompile Include="..\ExternalRepositories\ChibiOS\os\hal\src\hal_sdc.c">
      <Filter>Chibios\os\hal\src</Filter>
    </ClCompile>
    <ClCompile Include="..\ExternalRepositories\ChibiOS\os\hal\src\hal_serial.c">
      <Filter>Chibios\os\hal\src</Filter>
    </ClCompile>
    <ClCompile Include="..\ExternalRepositories\ChibiOS\os\hal\src\hal_serial_usb.c">
      <Filter>Chibios\os\hal\src</Filter>
    </ClCompile>
    <ClCompile Include="..\ExternalRepositories\ChibiOS\os\hal\src\hal_sio.c">
      <Filter>Chibios\os\hal\src</Filter>
    </ClCompile>
    <ClCompile Include="..\ExternalRepositories\ChibiOS\os\hal\src\hal_st.c">
      <Filter>Chibios\os\hal\src</Filter>
    </ClCompile>
    <ClCompile Include="..\ExternalRepositories\ChibiOS\os\hal\src\hal_trng.c">
      <Filter>Chibios\os\hal\src</Filter>
    </ClCompile>
    <ClCompile Include="..\ExternalRepositories\ChibiOS\os\hal\src\hal_uart.c">
      <Filter>Chibios\os\hal\src</Filter>
    </ClCompile>
    <ClCompile Include="..\ExternalRepositories\ChibiOS\os\hal\src\hal_usb.c">
      <Filter>Chibios\os\hal\src</Filter>
    </ClCompile>
    <ClCompile Include="..\ExternalRepositories\ChibiOS\os\hal\src\hal_wdg.c">
      <Filter>Chibios\os\hal\src</Filter>
    </ClCompile>
    <ClCompile Include="..\ExternalRepositories\ChibiOS\os\hal\src\hal_buffers.c">
      <Filter>Chibios\os\hal\src</Filter>
    </ClCompile>
    <ClCompile Include="..\ExternalRepositories\ChibiOS\os\hal\src\hal_crypto.c">
      <Filter>Chibios\os\hal\src</Filter>
    </ClCompile>
    <ClCompile Include="..\ExternalRepositories\ChibiOS\os\rt\src\chdebug.c">
      <Filter>Chibios\os\rt\src</Filter>
    </ClCompile>
    <ClCompile Include="..\ExternalRepositories\ChibiOS\os\rt\src\chdynamic.c">
      <Filter>Chibios\os\rt\src</Filter>
    </ClCompile>
    <ClCompile Include="..\ExternalRepositories\ChibiOS\os\rt\src\chevents.c">
      <Filter>Chibios\os\rt\src</Filter>
    </ClCompile>
    <ClCompile Include="..\ExternalRepositories\ChibiOS\os\rt\src\chmsg.c">
      <Filter>Chibios\os\rt\src</Filter>
    </ClCompile>
    <ClCompile Include="..\ExternalRepositories\ChibiOS\os\rt\src\chmtx.c">
      <Filter>Chibios\os\rt\src</Filter>
    </ClCompile>
    <ClCompile Include="..\ExternalRepositories\ChibiOS\os\rt\src\chregistry.c">
      <Filter>Chibios\os\rt\src</Filter>
    </ClCompile>
    <ClCompile Include="..\ExternalRepositories\ChibiOS\os\rt\src\chschd.c">
      <Filter>Chibios\os\rt\src</Filter>
    </ClCompile>
    <ClCompile Include="..\ExternalRepositories\ChibiOS\os\rt\src\chsem.c">
      <Filter>Chibios\os\rt\src</Filter>
    </ClCompile>
    <ClCompile Include="..\ExternalRepositories\ChibiOS\os\rt\src\chstats.c">
      <Filter>Chibios\os\rt\src</Filter>
    </ClCompile>
    <ClCompile Include="..\ExternalRepositories\ChibiOS\os\rt\src\chsys.c">
      <Filter>Chibios\os\rt\src</Filter>
    </ClCompile>
    <ClCompile Include="..\ExternalRepositories\ChibiOS\os\rt\src\chthreads.c">
      <Filter>Chibios\os\rt\src</Filter>
    </ClCompile>
    <ClCompile Include="..\ExternalRepositories\ChibiOS\os\rt\src\chtm.c">
      <Filter>Chibios\os\rt\src</Filter>
    </ClCompile>
    <ClCompile Include="..\ExternalRepositories\ChibiOS\os\rt\src\chtrace.c">
      <Filter>Chibios\os\rt\src</Filter>
    </ClCompile>
    <ClCompile Include="..\ExternalRepositories\ChibiOS\os\rt\src\chvt.c">
      <Filter>Chibios\os\rt\src</Filter>
    </ClCompile>
    <ClCompile Include="..\ExternalRepositories\ChibiOS\os\rt\src\chcond.c">
      <Filter>Chibios\os\rt\src</Filter>
    </ClCompile>
    <ClCompile Include="..\ExternalRepositories\ChibiOS\os\various\syscalls.c">
      <Filter>Chibios\os\rt\various</Filter>
    </ClCompile>
    <ClCompile Include="..\ExternalRepositories\ChibiOS\os\oslib\src\chmemheaps.c">
      <Filter>Chibios\os\oslib\src</Filter>
    </ClCompile>
    <ClCompile Include="..\ExternalRepositories\ChibiOS\os\oslib\src\chmempools.c">
      <Filter>Chibios\os\oslib\src</Filter>
    </ClCompile>
    <ClCompile Include="..\ExternalRepositories\ChibiOS\os\oslib\src\chpipes.c">
      <Filter>Chibios\os\oslib\src</Filter>
    </ClCompile>
    <ClCompile Include="..\ExternalRepositories\ChibiOS\os\oslib\src\chfactory.c">
      <Filter>Chibios\os\oslib\src</Filter>
    </ClCompile>
    <ClCompile Include="..\ExternalRepositories\ChibiOS\os\oslib\src\chmboxes.c">
      <Filter>Chibios\os\oslib\src</Filter>
    </ClCompile>
    <ClCompile Include="..\ExternalRepositories\ChibiOS\os\oslib\src\chmemcore.c">
      <Filter>Chibios\os\oslib\src</Filter>
    </ClCompile>
    <ClCompile Include="..\ExternalRepositories\ChibiOS\os\common\abstractions\cmsis_os\cmsis_os.c">
      <Filter>Chibios\os\common\abstractions\cmsis_os</Filter>
    </ClCompile>
    <ClCompile Include="..\ExternalRepositories\nf-Interpreter\src\CLR\WireProtocol\WireProtocol_Message.c">
      <Filter>nf-interpreter\src\CLR\WireProtocol</Filter>
    </ClCompile>
    <ClCompile Include="..\ExternalRepositories\nf-Interpreter\src\PAL\BlockStorage\nanoPAL_BlockStorage.c">
      <Filter>nf-interpreter\src\PAL\BlockStorage</Filter>
    </ClCompile>
    <ClCompile Include="..\ExternalRepositories\nf-Interpreter\targets\CMSIS-OS\ChibiOS\common\LaunchCLR.c">
      <Filter>nf-interpreter\targets\CMSIS-OS\ChibiOS\common</Filter>
    </ClCompile>
    <ClCompile Include="..\ExternalRepositories\nf-Interpreter\targets\CMSIS-OS\ChibiOS\common\platform_BlockStorage.c">
      <Filter>nf-interpreter\targets\CMSIS-OS\ChibiOS\common</Filter>
    </ClCompile>
    <ClCompile Include="..\ExternalRepositories\nf-Interpreter\targets\CMSIS-OS\ChibiOS\common\platform_heap.c">
      <Filter>nf-interpreter\targets\CMSIS-OS\ChibiOS\common</Filter>
    </ClCompile>
    <ClCompile Include="..\ExternalRepositories\nf-Interpreter\targets\CMSIS-OS\ChibiOS\common\Target_BlockStorage_STM32FlashDriver.c">
      <Filter>nf-interpreter\targets\CMSIS-OS\ChibiOS\common</Filter>
    </ClCompile>
    <ClCompile Include="..\ExternalRepositories\nf-Interpreter\targets\CMSIS-OS\ChibiOS\common\targetHAL.c">
      <Filter>nf-interpreter\targets\CMSIS-OS\ChibiOS\common</Filter>
    </ClCompile>
    <ClCompile Include="..\ExternalRepositories\nf-Interpreter\targets\CMSIS-OS\ChibiOS\common\targetHAL_Time.cpp">
      <Filter>nf-interpreter\targets\CMSIS-OS\ChibiOS\common</Filter>
    </ClCompile>
    <ClCompile Include="..\ExternalRepositories\nf-Interpreter\targets\CMSIS-OS\ChibiOS\common\WireProtocol_HAL_Interface.c">
      <Filter>nf-interpreter\targets\CMSIS-OS\ChibiOS\common</Filter>
    </ClCompile>
    <ClCompile Include="..\ExternalRepositories\nf-Interpreter\targets\CMSIS-OS\ChibiOS\common\WireProtocol_ReceiverThread.c">
      <Filter>nf-interpreter\targets\CMSIS-OS\ChibiOS\common</Filter>
    </ClCompile>
    <ClCompile Include="..\ExternalRepositories\nf-Interpreter\targets\CMSIS-OS\ChibiOS\nanoBooter\WireProtocol_App_Interface.c">
      <Filter>nf-interpreter\targets\CMSIS-OS\ChibiOS\nanoBooter</Filter>
    </ClCompile>
    <ClCompile Include="..\ExternalRepositories\nf-Interpreter\targets\CMSIS-OS\ChibiOS\nanoBooter\WireProtocol_MonitorCommands.c">
      <Filter>nf-interpreter\targets\CMSIS-OS\ChibiOS\nanoBooter</Filter>
    </ClCompile>
    <ClCompile Include="..\ExternalRepositories\nf-Interpreter\targets\CMSIS-OS\ChibiOS\ST_NUCLEO64_F091RC\target_BlockStorage.c">
      <Filter>nf-interpreter\targets\CMSIS-OS\ChibiOS\ST_NUCLEO64_F091RC</Filter>
    </ClCompile>
    <ClCompile Include="..\ExternalRepositories\nf-Interpreter\targets\CMSIS-OS\ChibiOS\ST_NUCLEO64_F091RC\target_common.c">
      <Filter>nf-interpreter\targets\CMSIS-OS\ChibiOS\ST_NUCLEO64_F091RC</Filter>
    </ClCompile>
    <ClCompile Include="..\ExternalRepositories\nf-Interpreter\targets\CMSIS-OS\ChibiOS\ST_NUCLEO64_F091RC\common\Device_BlockStorage-DEBUG.c">
      <Filter>nf-interpreter\targets\CMSIS-OS\ChibiOS\ST_NUCLEO64_F091RC\common</Filter>
    </ClCompile>
    <ClCompile Include="..\ExternalRepositories\nf-Interpreter\targets\CMSIS-OS\ChibiOS\ST_NUCLEO64_F091RC\nanoBooter\main.c">
      <Filter>nf-interpreter\targets\CMSIS-OS\ChibiOS\ST_NUCLEO64_F091RC\nanoBooter</Filter>
    </ClCompile>
    <None Include="..\VisualGDB\Debug\ST_NUCLEO64_F091RC-nanoBooter.lst">
      <Filter>BuildItems</Filter>
    </None>
    <None Include="..\VisualGDB\Debug\ST_NUCLEO64_F091RC-nanoBooter.map">
      <Filter>BuildItems</Filter>
    </None>
    <None Include="..\VisualGDB\Debug\ST_NUCLEO64_F091RC-nanoBooter.size">
      <Filter>BuildItems</Filter>
    </None>
  </ItemGroup>
  <ItemGroup>
    <ClInclude Include="..\ExternalRepositories\ChibiOS\os\common\ports\ARMCMx\chcore.h">
      <Filter>Chibios\os\common\ports\ARMCMx</Filter>
    </ClInclude>
    <ClInclude Include="..\ExternalRepositories\ChibiOS\os\common\ports\ARMCMx\chcore_timer.h">
      <Filter>Chibios\os\common\ports\ARMCMx</Filter>
    </ClInclude>
    <ClInclude Include="..\ExternalRepositories\ChibiOS\os\common\ports\ARMCMx\compilers\GCC\chtypes.h">
      <Filter>Chibios\os\common\ports\ARMCMx\compilers\GCC</Filter>
    </ClInclude>
    <ClInclude Include="..\ExternalRepositories\ChibiOS\os\hal\include\hal_can.h">
      <Filter>Chibios\os\hal\include</Filter>
    </ClInclude>
    <ClInclude Include="..\ExternalRepositories\ChibiOS\os\hal\include\hal_channels.h">
      <Filter>Chibios\os\hal\include</Filter>
    </ClInclude>
    <ClInclude Include="..\ExternalRepositories\ChibiOS\os\hal\include\hal_crypto.h">
      <Filter>Chibios\os\hal\include</Filter>
    </ClInclude>
    <ClInclude Include="..\ExternalRepositories\ChibiOS\os\hal\include\hal_files.h">
      <Filter>Chibios\os\hal\include</Filter>
    </ClInclude>
    <ClInclude Include="..\ExternalRepositories\ChibiOS\os\hal\include\hal_gpt.h">
      <Filter>Chibios\os\hal\include</Filter>
    </ClInclude>
    <ClInclude Include="..\ExternalRepositories\ChibiOS\os\hal\include\hal_i2s.h">
      <Filter>Chibios\os\hal\include</Filter>
    </ClInclude>
    <ClInclude Include="..\ExternalRepositories\ChibiOS\os\hal\include\hal_icu.h">
      <Filter>Chibios\os\hal\include</Filter>
    </ClInclude>
    <ClInclude Include="..\ExternalRepositories\ChibiOS\os\hal\include\hal_ioblock.h">
      <Filter>Chibios\os\hal\include</Filter>
    </ClInclude>
    <ClInclude Include="..\ExternalRepositories\ChibiOS\os\hal\include\hal_mac.h">
      <Filter>Chibios\os\hal\include</Filter>
    </ClInclude>
    <ClInclude Include="..\ExternalRepositories\ChibiOS\os\hal\include\hal_mii.h">
      <Filter>Chibios\os\hal\include</Filter>
    </ClInclude>
    <ClInclude Include="..\ExternalRepositories\ChibiOS\os\hal\include\hal_mmc_spi.h">
      <Filter>Chibios\os\hal\include</Filter>
    </ClInclude>
    <ClInclude Include="..\ExternalRepositories\ChibiOS\os\hal\include\hal_mmcsd.h">
      <Filter>Chibios\os\hal\include</Filter>
    </ClInclude>
    <ClInclude Include="..\ExternalRepositories\ChibiOS\os\hal\include\hal_objects.h">
      <Filter>Chibios\os\hal\include</Filter>
    </ClInclude>
    <ClInclude Include="..\ExternalRepositories\ChibiOS\os\hal\include\hal_pal.h">
      <Filter>Chibios\os\hal\include</Filter>
    </ClInclude>
    <ClInclude Include="..\ExternalRepositories\ChibiOS\os\hal\include\hal_persistent.h">
      <Filter>Chibios\os\hal\include</Filter>
    </ClInclude>
    <ClInclude Include="..\ExternalRepositories\ChibiOS\os\hal\include\hal_pwm.h">
      <Filter>Chibios\os\hal\include</Filter>
    </ClInclude>
    <ClInclude Include="..\ExternalRepositories\ChibiOS\os\hal\include\hal_queues.h">
      <Filter>Chibios\os\hal\include</Filter>
    </ClInclude>
    <ClInclude Include="..\ExternalRepositories\ChibiOS\os\hal\include\hal_rtc.h">
      <Filter>Chibios\os\hal\include</Filter>
    </ClInclude>
    <ClInclude Include="..\ExternalRepositories\ChibiOS\os\hal\include\hal_sdc.h">
      <Filter>Chibios\os\hal\include</Filter>
    </ClInclude>
    <ClInclude Include="..\ExternalRepositories\ChibiOS\os\hal\include\hal_serial.h">
      <Filter>Chibios\os\hal\include</Filter>
    </ClInclude>
    <ClInclude Include="..\ExternalRepositories\ChibiOS\os\hal\include\hal_serial_usb.h">
      <Filter>Chibios\os\hal\include</Filter>
    </ClInclude>
    <ClInclude Include="..\ExternalRepositories\ChibiOS\os\hal\include\hal_sio.h">
      <Filter>Chibios\os\hal\include</Filter>
    </ClInclude>
    <ClInclude Include="..\ExternalRepositories\ChibiOS\os\hal\include\hal_spi.h">
      <Filter>Chibios\os\hal\include</Filter>
    </ClInclude>
    <ClInclude Include="..\ExternalRepositories\ChibiOS\os\hal\include\hal_st.h">
      <Filter>Chibios\os\hal\include</Filter>
    </ClInclude>
    <ClInclude Include="..\ExternalRepositories\ChibiOS\os\hal\include\hal_streams.h">
      <Filter>Chibios\os\hal\include</Filter>
    </ClInclude>
    <ClInclude Include="..\ExternalRepositories\ChibiOS\os\hal\include\hal_trng.h">
      <Filter>Chibios\os\hal\include</Filter>
    </ClInclude>
    <ClInclude Include="..\ExternalRepositories\ChibiOS\os\hal\include\hal_uart.h">
      <Filter>Chibios\os\hal\include</Filter>
    </ClInclude>
    <ClInclude Include="..\ExternalRepositories\ChibiOS\os\hal\include\hal_usb.h">
      <Filter>Chibios\os\hal\include</Filter>
    </ClInclude>
    <ClInclude Include="..\ExternalRepositories\ChibiOS\os\hal\include\hal_wdg.h">
      <Filter>Chibios\os\hal\include</Filter>
    </ClInclude>
    <ClInclude Include="..\ExternalRepositories\ChibiOS\os\hal\include\hal_wspi.h">
      <Filter>Chibios\os\hal\include</Filter>
    </ClInclude>
    <ClInclude Include="..\ExternalRepositories\ChibiOS\os\hal\include\hal.h">
      <Filter>Chibios\os\hal\include</Filter>
    </ClInclude>
    <ClInclude Include="..\ExternalRepositories\ChibiOS\os\hal\include\hal_buffers.h">
      <Filter>Chibios\os\hal\include</Filter>
    </ClInclude>
    <ClInclude Include="..\ExternalRepositories\ChibiOS\os\hal\ports\common\ARMCMx\cache.h">
      <Filter>Chibios\os\hal\ports\common\ARMCMx</Filter>
    </ClInclude>
    <ClInclude Include="..\ExternalRepositories\ChibiOS\os\hal\ports\common\ARMCMx\nvic.h">
      <Filter>Chibios\os\hal\ports\common\ARMCMx</Filter>
    </ClInclude>
    <ClInclude Include="..\ExternalRepositories\ChibiOS\os\hal\ports\STM32\LLD\DMAv1\stm32_dma.h">
      <Filter>Chibios\os\hal\ports\STM32\LLD\DMAv1</Filter>
    </ClInclude>
    <ClInclude Include="..\ExternalRepositories\ChibiOS\os\hal\ports\STM32\LLD\GPIOv2\hal_pal_lld.h">
      <Filter>Chibios\os\hal\ports\STM32\LLD\GPIOv2</Filter>
    </ClInclude>
    <ClInclude Include="..\ExternalRepositories\ChibiOS\os\hal\ports\STM32\LLD\GPIOv2\stm32_gpio.h">
      <Filter>Chibios\os\hal\ports\STM32\LLD\GPIOv2</Filter>
    </ClInclude>
    <ClInclude Include="..\ExternalRepositories\ChibiOS\os\hal\ports\STM32\LLD\RTCv2\hal_rtc_lld.h">
      <Filter>Chibios\os\hal\ports\STM32\LLD\RTCv2</Filter>
    </ClInclude>
    <ClInclude Include="..\ExternalRepositories\ChibiOS\os\hal\ports\STM32\LLD\TIMv1\hal_gpt_lld.h">
      <Filter>Chibios\os\hal\ports\STM32\LLD\TIMv1</Filter>
    </ClInclude>
    <ClInclude Include="..\ExternalRepositories\ChibiOS\os\hal\ports\STM32\LLD\TIMv1\hal_icu_lld.h">
      <Filter>Chibios\os\hal\ports\STM32\LLD\TIMv1</Filter>
    </ClInclude>
    <ClInclude Include="..\ExternalRepositories\ChibiOS\os\hal\ports\STM32\LLD\TIMv1\hal_st_lld.h">
      <Filter>Chibios\os\hal\ports\STM32\LLD\TIMv1</Filter>
    </ClInclude>
    <ClInclude Include="..\ExternalRepositories\ChibiOS\os\hal\ports\STM32\LLD\TIMv1\stm32_tim.h">
      <Filter>Chibios\os\hal\ports\STM32\LLD\TIMv1</Filter>
    </ClInclude>
    <ClInclude Include="..\ExternalRepositories\ChibiOS\os\hal\ports\STM32\STM32F0xx\hal_lld.h">
      <Filter>Chibios\os\hal\ports\STM32\STM32F0xx</Filter>
    </ClInclude>
    <ClInclude Include="..\ExternalRepositories\ChibiOS\os\hal\ports\STM32\STM32F0xx\stm32_isr.h">
      <Filter>Chibios\os\hal\ports\STM32\STM32F0xx</Filter>
    </ClInclude>
    <ClInclude Include="..\ExternalRepositories\ChibiOS\os\hal\ports\STM32\STM32F0xx\stm32_rcc.h">
      <Filter>Chibios\os\hal\ports\STM32\STM32F0xx</Filter>
    </ClInclude>
    <ClInclude Include="..\ExternalRepositories\ChibiOS\os\hal\ports\STM32\STM32F0xx\stm32_registry.h">
      <Filter>Chibios\os\hal\ports\STM32\STM32F0xx</Filter>
    </ClInclude>
    <ClInclude Include="..\ExternalRepositories\ChibiOS\os\license\chcustomer.h">
      <Filter>Chibios\os\license</Filter>
    </ClInclude>
    <ClInclude Include="..\ExternalRepositories\ChibiOS\os\license\chlicense.h">
      <Filter>Chibios\os\license</Filter>
    </ClInclude>
    <ClInclude Include="..\ExternalRepositories\ChibiOS\os\license\chversion.h">
      <Filter>Chibios\os\license</Filter>
    </ClInclude>
    <ClInclude Include="..\ExternalRepositories\ChibiOS\os\rt\include\chchecks.h">
      <Filter>Chibios\os\rt\include</Filter>
    </ClInclude>
    <ClInclude Include="..\ExternalRepositories\ChibiOS\os\rt\include\chcond.h">
      <Filter>Chibios\os\rt\include</Filter>
    </ClInclude>
    <ClInclude Include="..\ExternalRepositories\ChibiOS\os\rt\include\chdebug.h">
      <Filter>Chibios\os\rt\include</Filter>
    </ClInclude>
    <ClInclude Include="..\ExternalRepositories\ChibiOS\os\rt\include\chdynamic.h">
      <Filter>Chibios\os\rt\include</Filter>
    </ClInclude>
    <ClInclude Include="..\ExternalRepositories\ChibiOS\os\rt\include\chevents.h">
      <Filter>Chibios\os\rt\include</Filter>
    </ClInclude>
    <ClInclude Include="..\ExternalRepositories\ChibiOS\os\rt\include\chmsg.h">
      <Filter>Chibios\os\rt\include</Filter>
    </ClInclude>
    <ClInclude Include="..\ExternalRepositories\ChibiOS\os\rt\include\chmtx.h">
      <Filter>Chibios\os\rt\include</Filter>
    </ClInclude>
    <ClInclude Include="..\ExternalRepositories\ChibiOS\os\rt\include\chregistry.h">
      <Filter>Chibios\os\rt\include</Filter>
    </ClInclude>
    <ClInclude Include="..\ExternalRepositories\ChibiOS\os\rt\include\chrestrictions.h">
      <Filter>Chibios\os\rt\include</Filter>
    </ClInclude>
    <ClInclude Include="..\ExternalRepositories\ChibiOS\os\rt\include\chschd.h">
      <Filter>Chibios\os\rt\include</Filter>
    </ClInclude>
    <ClInclude Include="..\ExternalRepositories\ChibiOS\os\rt\include\chsem.h">
      <Filter>Chibios\os\rt\include</Filter>
    </ClInclude>
    <ClInclude Include="..\ExternalRepositories\ChibiOS\os\rt\include\chstats.h">
      <Filter>Chibios\os\rt\include</Filter>
    </ClInclude>
    <ClInclude Include="..\ExternalRepositories\ChibiOS\os\rt\include\chsys.h">
      <Filter>Chibios\os\rt\include</Filter>
    </ClInclude>
    <ClInclude Include="..\ExternalRepositories\ChibiOS\os\rt\include\chsystypes.h">
      <Filter>Chibios\os\rt\include</Filter>
    </ClInclude>
    <ClInclude Include="..\ExternalRepositories\ChibiOS\os\rt\include\chthreads.h">
      <Filter>Chibios\os\rt\include</Filter>
    </ClInclude>
    <ClInclude Include="..\ExternalRepositories\ChibiOS\os\rt\include\chtime.h">
      <Filter>Chibios\os\rt\include</Filter>
    </ClInclude>
    <ClInclude Include="..\ExternalRepositories\ChibiOS\os\rt\include\chtm.h">
      <Filter>Chibios\os\rt\include</Filter>
    </ClInclude>
    <ClInclude Include="..\ExternalRepositories\ChibiOS\os\rt\include\chtrace.h">
      <Filter>Chibios\os\rt\include</Filter>
    </ClInclude>
    <ClInclude Include="..\ExternalRepositories\ChibiOS\os\rt\include\chvt.h">
      <Filter>Chibios\os\rt\include</Filter>
    </ClInclude>
    <ClInclude Include="..\ExternalRepositories\ChibiOS\os\rt\include\ch.h">
      <Filter>Chibios\os\rt\include</Filter>
    </ClInclude>
    <ClInclude Include="..\ExternalRepositories\ChibiOS\os\rt\include\chalign.h">
      <Filter>Chibios\os\rt\include</Filter>
    </ClInclude>
    <ClInclude Include="..\ExternalRepositories\ChibiOS\os\oslib\include\chfactory.h">
      <Filter>Chibios\os\oslib\include</Filter>
    </ClInclude>
    <ClInclude Include="..\ExternalRepositories\ChibiOS\os\oslib\include\chlib.h">
      <Filter>Chibios\os\oslib\include</Filter>
    </ClInclude>
    <ClInclude Include="..\ExternalRepositories\ChibiOS\os\oslib\include\chmboxes.h">
      <Filter>Chibios\os\oslib\include</Filter>
    </ClInclude>
    <ClInclude Include="..\ExternalRepositories\ChibiOS\os\oslib\include\chmemcore.h">
      <Filter>Chibios\os\oslib\include</Filter>
    </ClInclude>
    <ClInclude Include="..\ExternalRepositories\ChibiOS\os\oslib\include\chmemheaps.h">
      <Filter>Chibios\os\oslib\include</Filter>
    </ClInclude>
    <ClInclude Include="..\ExternalRepositories\ChibiOS\os\oslib\include\chmempools.h">
      <Filter>Chibios\os\oslib\include</Filter>
    </ClInclude>
    <ClInclude Include="..\ExternalRepositories\ChibiOS\os\oslib\include\chobjfifos.h">
      <Filter>Chibios\os\oslib\include</Filter>
    </ClInclude>
    <ClInclude Include="..\ExternalRepositories\ChibiOS\os\oslib\include\chpipes.h">
      <Filter>Chibios\os\oslib\include</Filter>
    </ClInclude>
    <ClInclude Include="..\ExternalRepositories\ChibiOS\os\oslib\include\chbsem.h">
      <Filter>Chibios\os\oslib\include</Filter>
    </ClInclude>
    <ClInclude Include="..\ExternalRepositories\ChibiOS\os\common\abstractions\cmsis_os\cmsis_os.h">
      <Filter>Chibios\os\common\abstractions\cmsis_os</Filter>
    </ClInclude>
    <ClInclude Include="..\ExternalRepositories\nf-Interpreter\src\PAL\Include\nanoPAL_BlockStorage.h">
      <Filter>nf-interpreter\src\PAL\Include</Filter>
    </ClInclude>
    <ClInclude Include="..\ExternalRepositories\nf-Interpreter\targets\CMSIS-OS\ChibiOS\Include\LaunchCLR.h">
      <Filter>nf-interpreter\targets\CMSIS-OS\ChibiOS\Include</Filter>
    </ClInclude>
    <ClInclude Include="..\ExternalRepositories\nf-Interpreter\targets\CMSIS-OS\ChibiOS\Include\platform_target_capabilities.h">
      <Filter>nf-interpreter\targets\CMSIS-OS\ChibiOS\Include</Filter>
    </ClInclude>
    <ClInclude Include="..\ExternalRepositories\nf-Interpreter\targets\CMSIS-OS\ChibiOS\Include\Target_BlockStorage_STM32FlashDriver.h">
      <Filter>nf-interpreter\targets\CMSIS-OS\ChibiOS\Include</Filter>
    </ClInclude>
    <ClInclude Include="..\ExternalRepositories\nf-Interpreter\targets\CMSIS-OS\ChibiOS\Include\targetHAL.h">
      <Filter>nf-interpreter\targets\CMSIS-OS\ChibiOS\Include</Filter>
    </ClInclude>
    <ClInclude Include="..\ExternalRepositories\nf-Interpreter\targets\CMSIS-OS\ChibiOS\Include\targetHAL_Power.h">
      <Filter>nf-interpreter\targets\CMSIS-OS\ChibiOS\Include</Filter>
    </ClInclude>
    <ClInclude Include="..\ExternalRepositories\nf-Interpreter\targets\CMSIS-OS\ChibiOS\Include\targetHAL_Time.h">
      <Filter>nf-interpreter\targets\CMSIS-OS\ChibiOS\Include</Filter>
    </ClInclude>
    <ClInclude Include="..\ExternalRepositories\nf-Interpreter\targets\CMSIS-OS\ChibiOS\Include\targetHAL_Watchdog.h">
      <Filter>nf-interpreter\targets\CMSIS-OS\ChibiOS\Include</Filter>
    </ClInclude>
    <ClInclude Include="..\ExternalRepositories\nf-Interpreter\targets\CMSIS-OS\ChibiOS\Include\targetPAL.h">
      <Filter>nf-interpreter\targets\CMSIS-OS\ChibiOS\Include</Filter>
    </ClInclude>
    <ClInclude Include="..\ExternalRepositories\nf-Interpreter\targets\CMSIS-OS\ChibiOS\Include\TargetPAL_BlockStorage.h">
      <Filter>nf-interpreter\targets\CMSIS-OS\ChibiOS\Include</Filter>
    </ClInclude>
    <ClInclude Include="..\ExternalRepositories\nf-Interpreter\targets\CMSIS-OS\ChibiOS\Include\targetPAL_Time.h">
      <Filter>nf-interpreter\targets\CMSIS-OS\ChibiOS\Include</Filter>
    </ClInclude>
    <ClInclude Include="..\ExternalRepositories\nf-Interpreter\targets\CMSIS-OS\ChibiOS\Include\vectors.h">
      <Filter>nf-interpreter\targets\CMSIS-OS\ChibiOS\Include</Filter>
    </ClInclude>
    <ClInclude Include="..\ExternalRepositories\nf-Interpreter\targets\CMSIS-OS\ChibiOS\Include\WireProtocol_ReceiverThread.h">
      <Filter>nf-interpreter\targets\CMSIS-OS\ChibiOS\Include</Filter>
    </ClInclude>
    <ClInclude Include="..\ExternalRepositories\nf-Interpreter\targets\CMSIS-OS\ChibiOS\Include\CLR_Startup_Thread.h">
      <Filter>nf-interpreter\targets\CMSIS-OS\ChibiOS\Include</Filter>
    </ClInclude>
    <ClInclude Include="..\ExternalRepositories\nf-Interpreter\targets\CMSIS-OS\ChibiOS\ST_NUCLEO64_F091RC\board.h">
      <Filter>nf-interpreter\targets\CMSIS-OS\ChibiOS\ST_NUCLEO64_F091RC</Filter>
    </ClInclude>
    <ClInclude Include="..\ExternalRepositories\nf-Interpreter\targets\CMSIS-OS\ChibiOS\ST_NUCLEO64_F091RC\target_BlockStorage.h">
      <Filter>nf-interpreter\targets\CMSIS-OS\ChibiOS\ST_NUCLEO64_F091RC</Filter>
    </ClInclude>
    <ClInclude Include="..\ExternalRepositories\nf-Interpreter\targets\CMSIS-OS\ChibiOS\ST_NUCLEO64_F091RC\common\serialcfg.h">
      <Filter>nf-interpreter\targets\CMSIS-OS\ChibiOS\ST_NUCLEO64_F091RC\common</Filter>
    </ClInclude>
    <ClInclude Include="..\ExternalRepositories\nf-Interpreter\targets\CMSIS-OS\ChibiOS\ST_NUCLEO64_F091RC\nanoBooter\halconf.h">
      <Filter>nf-interpreter\targets\CMSIS-OS\ChibiOS\ST_NUCLEO64_F091RC\nanoBooter</Filter>
    </ClInclude>
    <ClInclude Include="..\ExternalRepositories\nf-Interpreter\targets\CMSIS-OS\ChibiOS\ST_NUCLEO64_F091RC\nanoBooter\halconf_nf.h">
      <Filter>nf-interpreter\targets\CMSIS-OS\ChibiOS\ST_NUCLEO64_F091RC\nanoBooter</Filter>
    </ClInclude>
    <ClInclude Include="..\ExternalRepositories\nf-Interpreter\targets\CMSIS-OS\ChibiOS\ST_NUCLEO64_F091RC\nanoBooter\mcuconf.h">
      <Filter>nf-interpreter\targets\CMSIS-OS\ChibiOS\ST_NUCLEO64_F091RC\nanoBooter</Filter>
    </ClInclude>
    <ClInclude Include="..\ExternalRepositories\nf-Interpreter\targets\CMSIS-OS\ChibiOS\ST_NUCLEO64_F091RC\nanoBooter\mcuconf_nf.h">
      <Filter>nf-interpreter\targets\CMSIS-OS\ChibiOS\ST_NUCLEO64_F091RC\nanoBooter</Filter>
    </ClInclude>
    <ClInclude Include="..\ExternalRepositories\nf-Interpreter\targets\CMSIS-OS\ChibiOS\ST_NUCLEO64_F091RC\nanoBooter\chconf.h">
      <Filter>nf-interpreter\targets\CMSIS-OS\ChibiOS\ST_NUCLEO64_F091RC\nanoBooter</Filter>
    </ClInclude>
    <ClInclude Include="..\ExternalRepositories\ChibiOS\os\common\startup\ARMCMx\devices\STM32F0xx\cmparams.h">
      <Filter>Chibios\os\common\startup\ARMCMx\devices\STM32F0xx</Filter>
    </ClInclude>
    <ClInclude Include="..\ExternalRepositories\nf-Interpreter\targets\CMSIS-OS\ChibiOS\nf-overlay\os\hal\ports\STM32\LLD\CRCv1\crc_lld.h">
      <Filter>nf-interpreter\targets\CMSIS-OS\ChibiOS\nf-overlay\os\hal\ports\STM32\LLD\CRCv1</Filter>
    </ClInclude>
    <ClInclude Include="..\ExternalRepositories\nf-Interpreter\targets\CMSIS-OS\ChibiOS\nf-overlay\os\hal\ports\STM32\LLD\FLASHv1\flash_lld.h">
      <Filter>nf-interpreter\targets\CMSIS-OS\ChibiOS\nf-overlay\os\hal\ports\STM32\LLD\FLASHV1</Filter>
    </ClInclude>
    <ClInclude Include="..\ExternalRepositories\nf-Interpreter\src\HAL\Include\nanoHAL_ConfigurationManager.h">
      <Filter>nf-interpreter\src\HAL\Include</Filter>
    </ClInclude>
    <ClInclude Include="..\ExternalRepositories\nf-Interpreter\targets\CMSIS-OS\ChibiOS\nf-overlay\os\hal\include\stm32_crc\hal_stm32_crc.h">
      <Filter>nf-interpreter\targets\CMSIS-OS\ChibiOS\nf-overlay\os\hal\include\stm32_crc</Filter>
    </ClInclude>
    <ClInclude Include="..\ExternalRepositories\nf-Interpreter\targets\CMSIS-OS\ChibiOS\nf-overlay\os\hal\include\stm32_qspi\hal_stm32_qspi.h">
      <Filter>nf-interpreter\targets\CMSIS-OS\ChibiOS\nf-overlay\os\hal\include\stm32_qspi</Filter>
    </ClInclude>
    <ClInclude Include="..\ExternalRepositories\nf-Interpreter\targets\CMSIS-OS\ChibiOS\nf-overlay\os\hal\include\stm32_rng\hal_stm32_rng.h">
      <Filter>nf-interpreter\targets\CMSIS-OS\ChibiOS\nf-overlay\os\hal\include\stm32_rng</Filter>
    </ClInclude>
    <ClInclude Include="target_board.h">
      <Filter>Configuration</Filter>
    </ClInclude>
    <ClInclude Include="target_common.h">
      <Filter>Configuration</Filter>
    </ClInclude>
    <ClInclude Include="target_os.h">
      <Filter>Configuration</Filter>
    </ClInclude>
    <ClInclude Include="target_platform.h">
      <Filter>Configuration</Filter>
    </ClInclude>
    <ClInclude Include="..\ExternalRepositories\ChibiOS\os\common\ports\ARMCMx\chcore_v6m.h">
      <Filter>Chibios\os\common\ports\ARMCMx</Filter>
    </ClInclude>
    <ClInclude Include="..\ExternalRepositories\ChibiOS\os\hal\ports\STM32\LLD\USARTv2\hal_serial_lld.h">
      <Filter>Chibios\os\hal\ports\STM32\LLD\USARTv2</Filter>
    </ClInclude>
    <ClInclude Include="..\ExternalRepositories\ChibiOS\os\hal\ports\STM32\LLD\USARTv2\hal_uart_lld.h">
      <Filter>Chibios\os\hal\ports\STM32\LLD\USARTv2</Filter>
    </ClInclude>
    <ClInclude Include="..\ExternalRepositories\nf-Interpreter\src\HAL\Include\nanoHAL_Types.h">
      <Filter>nf-interpreter\src\HAL\Include</Filter>
    </ClInclude>
    <ClInclude Include="..\ExternalRepositories\ChibiOS\os\hal\osal\rt-nil\osal.h">
      <Filter>Chibios\os\hal\osal\rt-nil</Filter>
    </ClInclude>
    <ClInclude Include="..\ExternalRepositories\nf-interpreter\src\HAL\Include\nanoHAL_Capabilites.h">
      <Filter>nf-interpreter\src\HAL\Include</Filter>
    </ClInclude>
    <ClInclude Include="..\ExternalRepositories\nf-interpreter\src\HAL\Include\nanoHAL_Boot.h">
      <Filter>nf-interpreter\src\HAL\Include</Filter>
    </ClInclude>
    <ClInclude Include="..\ExternalRepositories\ChibiOS\os\hal\include\hal_adc.h">
      <Filter>Chibios\os\hal\include</Filter>
    </ClInclude>
  </ItemGroup>
  <ItemGroup>
    <ClCompile Include="..\ExternalRepositories\nf-Interpreter\targets\CMSIS-OS\ChibiOS\nf-overlay\os\hal\ports\STM32\LLD\CRCv1\crc_lld.c">
      <Filter>nf-interpreter\targets\CMSIS-OS\ChibiOS\nf-overlay\os\hal\ports\STM32\LLD\CRCv1</Filter>
    </ClCompile>
    <ClCompile Include="..\ExternalRepositories\nf-Interpreter\targets\CMSIS-OS\ChibiOS\nf-overlay\os\hal\ports\STM32\LLD\FLASHv1\flash_lld.c">
      <Filter>nf-interpreter\targets\CMSIS-OS\ChibiOS\nf-overlay\os\hal\ports\STM32\LLD\FLASHV1</Filter>
    </ClCompile>
    <ClCompile Include="..\ExternalRepositories\ChibiOS\os\hal\src\hal.c">
      <Filter>Chibios\os\hal\src</Filter>
    </ClCompile>
    <ClCompile Include="..\ExternalRepositories\nf-Interpreter\targets\CMSIS-OS\ChibiOS\nf-overlay\os\hal\src\hal_community.c">
      <Filter>nf-interpreter\targets\CMSIS-OS\ChibiOS\nf-overlay\os\hal\src</Filter>
    </ClCompile>
    <ClCompile Include="..\ExternalRepositories\nf-Interpreter\targets\CMSIS-OS\ChibiOS\nf-overlay\os\hal\src\stm32_crc\hal_stm32_crc.c">
      <Filter>nf-interpreter\targets\CMSIS-OS\ChibiOS\nf-overlay\os\hal\src\stm32_crc</Filter>
    </ClCompile>
    <ClCompile Include="..\ExternalRepositories\nf-Interpreter\src\HAL\nanoHAL_ConfigurationManager.c">
      <Filter>nf-interpreter\src\HAL</Filter>
    </ClCompile>
    <ClCompile Include="..\ExternalRepositories\ChibiOS\os\common\ports\ARMCMx\compilers\GCC\chcoreasm_v6m.S">
      <Filter>Chibios\os\common\ports\ARMCMx\compilers\GCC</Filter>
    </ClCompile>
    <ClCompile Include="..\ExternalRepositories\nf-Interpreter\targets\CMSIS-OS\ChibiOS\nf-overlay\os\hal\src\stm32_flash\hal_stm32_flash.c">
      <Filter>nf-interpreter\targets\CMSIS-OS\ChibiOS\nf-overlay\os\hal\src\stm32_flash</Filter>
    </ClCompile>
    <ClCompile Include="..\ExternalRepositories\ChibiOS\os\common\startup\ARMCMx\compilers\GCC\vectors.S">
      <Filter>Chibios\os\common\startup\ARMCMx\compilers\GCC</Filter>
    </ClCompile>
    <ClCompile Include="..\ExternalRepositories\ChibiOS\os\common\startup\ARMCMx\compilers\GCC\crt0_v6m.S">
      <Filter>Chibios\os\common\startup\ARMCMx\compilers\GCC</Filter>
    </ClCompile>
    <ClCompile Include="..\ExternalRepositories\ChibiOS\os\common\ports\ARMCMx\chcore_v6m.c">
      <Filter>Chibios\os\common\ports\ARMCMx</Filter>
    </ClCompile>
    <ClCompile Include="..\ExternalRepositories\nf-Interpreter\targets\CMSIS-OS\ChibiOS\ST_NUCLEO64_F091RC\board.c">
      <Filter>nf-interpreter\targets\CMSIS-OS\ChibiOS\ST_NUCLEO64_F091RC</Filter>
    </ClCompile>
    <ClCompile Include="..\ExternalRepositories\nf-Interpreter\targets\CMSIS-OS\ChibiOS\common\nanoSupport_CRC32.c">
      <Filter>nf-interpreter\targets\CMSIS-OS\ChibiOS\common</Filter>
    </ClCompile>
    <ClCompile Include="..\ExternalRepositories\ChibiOS\os\hal\ports\STM32\LLD\USARTv2\hal_serial_lld.c">
      <Filter>Chibios\os\hal\ports\STM32\LLD\USARTv2</Filter>
    </ClCompile>
    <ClCompile Include="..\ExternalRepositories\ChibiOS\os\hal\ports\STM32\LLD\USARTv2\hal_uart_lld.c">
      <Filter>Chibios\os\hal\ports\STM32\LLD\USARTv2</Filter>
    </ClCompile>
    <ClCompile Include="..\ExternalRepositories\ChibiOS\os\hal\osal\rt-nil\osal.c">
      <Filter>Chibios\os\hal\osal\rt-nil</Filter>
    </ClCompile>
    <ClCompile Include="..\ExternalRepositories\nf-interpreter\src\HAL\nanoHAL_Capabilites.c">
      <Filter>nf-interpreter\src\HAL</Filter>
    </ClCompile>
    <ClCompile Include="..\ExternalRepositories\nf-interpreter\src\HAL\nanoHAL_Boot.c">
      <Filter>nf-interpreter\src\HAL</Filter>
    </ClCompile>
  </ItemGroup>
  <ItemGroup>
    <LinkerScript Include="memory_constants.ld">
      <Filter>Configuration</Filter>
    </LinkerScript>
    <LinkerScript Include="rules_code.ld">
      <Filter>Configuration</Filter>
    </LinkerScript>
    <LinkerScript Include="rules_data.ld">
      <Filter>Configuration</Filter>
    </LinkerScript>
    <LinkerScript Include="rules_stacks.ld">
      <Filter>Configuration</Filter>
    </LinkerScript>
    <LinkerScript Include="STM32F091xC_booter.ld">
      <Filter>Configuration</Filter>
    </LinkerScript>
  </ItemGroup>
</Project>